
Microsoft Visual Studio Solution File, Format Version 12.00
# Visual Studio Version 17
VisualStudioVersion = 17.7.33920.267
MinimumVisualStudioVersion = 10.0.40219.1
Project("{9A19103F-16F7-4668-BE54-9A1E7A4F7556}") = "Mobin.Common", "Mobin.Infrastructure.Common\Mobin.Common.csproj", "{E6D33893-2F40-4C2D-93F1-1BB999C97EFC}"
EndProject
Project("{9A19103F-16F7-4668-BE54-9A1E7A4F7556}") = "Mobin.Repository", "Mobin.Repository\Mobin.Repository.csproj", "{AC986F3A-2F01-4015-B605-EBFFC751B23C}"
EndProject
Project("{9A19103F-16F7-4668-BE54-9A1E7A4F7556}") = "Mobin.Service", "Mobin.Service\Mobin.Service.csproj", "{765358AB-0410-4E29-B641-0C471FFCFF4E}"
EndProject
Project("{9A19103F-16F7-4668-BE54-9A1E7A4F7556}") = "Mobin.ExpressionJsonSerializer", "Mobin.ExpressionJsonSerializer\Mobin.ExpressionJsonSerializer.csproj", "{6189DC00-2721-4D8D-8A38-237F69C6A767}"
EndProject
Project("{9A19103F-16F7-4668-BE54-9A1E7A4F7556}") = "Kendo.Mvc", "Kendo.Mvc\Kendo.Mvc.csproj", "{1BCC7633-73C9-4ECF-9211-ED82F8FE5E10}"
EndProject
Project("{2150E333-8FDC-42A3-9474-1A3956D46DE8}") = "Solution Items", "Solution Items", "{21C05F83-51FE-4971-A6E3-5D518AE710A4}"
	ProjectSection(SolutionItems) = preProject
		.editorconfig = .editorconfig
		global.json = global.json
	EndProjectSection
EndProject
Project("{9A19103F-16F7-4668-BE54-9A1E7A4F7556}") = "Northwind.WebUI", "TelerikAspNetCoreApp3\Northwind.WebUI.csproj", "{01AAFF89-93B3-4553-A3CE-8AA5F5A00508}"
EndProject
Project("{9A19103F-16F7-4668-BE54-9A1E7A4F7556}") = "Mobin.TestConsoleApplication", "Mobin.TestConsoleApplication\Mobin.TestConsoleApplication.csproj", "{7BE2E0D7-5C40-4861-B6DE-D2C8EEF96EFD}"
EndProject
Project("{2150E333-8FDC-42A3-9474-1A3956D46DE8}") = "Mobin_Infrastructure", "Mobin_Infrastructure", "{3EA525DD-C3EA-452D-B982-3F32461B4103}"
EndProject
Project("{2150E333-8FDC-42A3-9474-1A3956D46DE8}") = "Mobin_App", "Mobin_App", "{26EFFFF6-388E-466B-AEDF-2CDEA2D18584}"
EndProject
Project("{9A19103F-16F7-4668-BE54-9A1E7A4F7556}") = "Northwind.Repository", "Repository\Northwind.Repository.csproj", "{087EFF0D-2598-4CA4-8495-296018746F9F}"
EndProject
Project("{9A19103F-16F7-4668-BE54-9A1E7A4F7556}") = "Northwind.Service", "Northwind.Service\Northwind.Service.csproj", "{D7F09B56-89B3-4C4C-A208-11AF52B38398}"
EndProject
Project("{9A19103F-16F7-4668-BE54-9A1E7A4F7556}") = "Northwind.WebReactKendoUI", "Northwind.WebReactKendoUI\Northwind.WebReactKendoUI.csproj", "{4F1E5131-5870-40EE-A3BA-DD23F3D5CC72}"
EndProject
Project("{9A19103F-16F7-4668-BE54-9A1E7A4F7556}") = "Mobin.Security", "Mobin.Security\Mobin.Security.csproj", "{F40DC9ED-9548-437F-90B2-761B4711DF26}"
EndProject
Project("{9A19103F-16F7-4668-BE54-9A1E7A4F7556}") = "XUnitMobin", "XUnitMobin\XUnitMobin.csproj", "{272C7976-89E4-4655-B3B5-5BFC1F79B6F0}"
EndProject
Project("{9A19103F-16F7-4668-BE54-9A1E7A4F7556}") = "Mobin.Blazor", "Mobin.Blazor\Mobin.Blazor.csproj", "{869C7243-F01C-4970-9A0D-1D0C11A69F9A}"
EndProject
Global
	GlobalSection(SolutionConfigurationPlatforms) = preSolution
		Debug|Any CPU = Debug|Any CPU
		Debug-MVC3|Any CPU = Debug-MVC3|Any CPU
		Debug-MVC5|Any CPU = Debug-MVC5|Any CPU
		Release|Any CPU = Release|Any CPU
		Release-MVC3|Any CPU = Release-MVC3|Any CPU
		Release-MVC3-Trial|Any CPU = Release-MVC3-Trial|Any CPU
		Release-MVC5|Any CPU = Release-MVC5|Any CPU
		Release-MVC5-Trial|Any CPU = Release-MVC5-Trial|Any CPU
		Release-Trial|Any CPU = Release-Trial|Any CPU
	EndGlobalSection
	GlobalSection(ProjectConfigurationPlatforms) = postSolution
		{E6D33893-2F40-4C2D-93F1-1BB999C97EFC}.Debug|Any CPU.ActiveCfg = Debug|Any CPU
		{E6D33893-2F40-4C2D-93F1-1BB999C97EFC}.Debug|Any CPU.Build.0 = Debug|Any CPU
		{E6D33893-2F40-4C2D-93F1-1BB999C97EFC}.Debug-MVC3|Any CPU.ActiveCfg = Debug|Any CPU
		{E6D33893-2F40-4C2D-93F1-1BB999C97EFC}.Debug-MVC3|Any CPU.Build.0 = Debug|Any CPU
		{E6D33893-2F40-4C2D-93F1-1BB999C97EFC}.Debug-MVC5|Any CPU.ActiveCfg = Debug|Any CPU
		{E6D33893-2F40-4C2D-93F1-1BB999C97EFC}.Debug-MVC5|Any CPU.Build.0 = Debug|Any CPU
		{E6D33893-2F40-4C2D-93F1-1BB999C97EFC}.Release|Any CPU.ActiveCfg = Release|Any CPU
		{E6D33893-2F40-4C2D-93F1-1BB999C97EFC}.Release|Any CPU.Build.0 = Release|Any CPU
		{E6D33893-2F40-4C2D-93F1-1BB999C97EFC}.Release-MVC3|Any CPU.ActiveCfg = Release|Any CPU
		{E6D33893-2F40-4C2D-93F1-1BB999C97EFC}.Release-MVC3|Any CPU.Build.0 = Release|Any CPU
		{E6D33893-2F40-4C2D-93F1-1BB999C97EFC}.Release-MVC3-Trial|Any CPU.ActiveCfg = Release|Any CPU
		{E6D33893-2F40-4C2D-93F1-1BB999C97EFC}.Release-MVC3-Trial|Any CPU.Build.0 = Release|Any CPU
		{E6D33893-2F40-4C2D-93F1-1BB999C97EFC}.Release-MVC5|Any CPU.ActiveCfg = Release|Any CPU
		{E6D33893-2F40-4C2D-93F1-1BB999C97EFC}.Release-MVC5|Any CPU.Build.0 = Release|Any CPU
		{E6D33893-2F40-4C2D-93F1-1BB999C97EFC}.Release-MVC5-Trial|Any CPU.ActiveCfg = Release|Any CPU
		{E6D33893-2F40-4C2D-93F1-1BB999C97EFC}.Release-MVC5-Trial|Any CPU.Build.0 = Release|Any CPU
		{E6D33893-2F40-4C2D-93F1-1BB999C97EFC}.Release-Trial|Any CPU.ActiveCfg = Release|Any CPU
		{E6D33893-2F40-4C2D-93F1-1BB999C97EFC}.Release-Trial|Any CPU.Build.0 = Release|Any CPU
		{AC986F3A-2F01-4015-B605-EBFFC751B23C}.Debug|Any CPU.ActiveCfg = Debug|Any CPU
		{AC986F3A-2F01-4015-B605-EBFFC751B23C}.Debug|Any CPU.Build.0 = Debug|Any CPU
		{AC986F3A-2F01-4015-B605-EBFFC751B23C}.Debug-MVC3|Any CPU.ActiveCfg = Debug|Any CPU
		{AC986F3A-2F01-4015-B605-EBFFC751B23C}.Debug-MVC3|Any CPU.Build.0 = Debug|Any CPU
		{AC986F3A-2F01-4015-B605-EBFFC751B23C}.Debug-MVC5|Any CPU.ActiveCfg = Debug|Any CPU
		{AC986F3A-2F01-4015-B605-EBFFC751B23C}.Debug-MVC5|Any CPU.Build.0 = Debug|Any CPU
		{AC986F3A-2F01-4015-B605-EBFFC751B23C}.Release|Any CPU.ActiveCfg = Release|Any CPU
		{AC986F3A-2F01-4015-B605-EBFFC751B23C}.Release|Any CPU.Build.0 = Release|Any CPU
		{AC986F3A-2F01-4015-B605-EBFFC751B23C}.Release-MVC3|Any CPU.ActiveCfg = Release|Any CPU
		{AC986F3A-2F01-4015-B605-EBFFC751B23C}.Release-MVC3|Any CPU.Build.0 = Release|Any CPU
		{AC986F3A-2F01-4015-B605-EBFFC751B23C}.Release-MVC3-Trial|Any CPU.ActiveCfg = Release|Any CPU
		{AC986F3A-2F01-4015-B605-EBFFC751B23C}.Release-MVC3-Trial|Any CPU.Build.0 = Release|Any CPU
		{AC986F3A-2F01-4015-B605-EBFFC751B23C}.Release-MVC5|Any CPU.ActiveCfg = Release|Any CPU
		{AC986F3A-2F01-4015-B605-EBFFC751B23C}.Release-MVC5|Any CPU.Build.0 = Release|Any CPU
		{AC986F3A-2F01-4015-B605-EBFFC751B23C}.Release-MVC5-Trial|Any CPU.ActiveCfg = Release|Any CPU
		{AC986F3A-2F01-4015-B605-EBFFC751B23C}.Release-MVC5-Trial|Any CPU.Build.0 = Release|Any CPU
		{AC986F3A-2F01-4015-B605-EBFFC751B23C}.Release-Trial|Any CPU.ActiveCfg = Release|Any CPU
		{AC986F3A-2F01-4015-B605-EBFFC751B23C}.Release-Trial|Any CPU.Build.0 = Release|Any CPU
		{765358AB-0410-4E29-B641-0C471FFCFF4E}.Debug|Any CPU.ActiveCfg = Debug|Any CPU
		{765358AB-0410-4E29-B641-0C471FFCFF4E}.Debug|Any CPU.Build.0 = Debug|Any CPU
		{765358AB-0410-4E29-B641-0C471FFCFF4E}.Debug-MVC3|Any CPU.ActiveCfg = Debug|Any CPU
		{765358AB-0410-4E29-B641-0C471FFCFF4E}.Debug-MVC3|Any CPU.Build.0 = Debug|Any CPU
		{765358AB-0410-4E29-B641-0C471FFCFF4E}.Debug-MVC5|Any CPU.ActiveCfg = Debug|Any CPU
		{765358AB-0410-4E29-B641-0C471FFCFF4E}.Debug-MVC5|Any CPU.Build.0 = Debug|Any CPU
		{765358AB-0410-4E29-B641-0C471FFCFF4E}.Release|Any CPU.ActiveCfg = Release|Any CPU
		{765358AB-0410-4E29-B641-0C471FFCFF4E}.Release|Any CPU.Build.0 = Release|Any CPU
		{765358AB-0410-4E29-B641-0C471FFCFF4E}.Release-MVC3|Any CPU.ActiveCfg = Release|Any CPU
		{765358AB-0410-4E29-B641-0C471FFCFF4E}.Release-MVC3|Any CPU.Build.0 = Release|Any CPU
		{765358AB-0410-4E29-B641-0C471FFCFF4E}.Release-MVC3-Trial|Any CPU.ActiveCfg = Release|Any CPU
		{765358AB-0410-4E29-B641-0C471FFCFF4E}.Release-MVC3-Trial|Any CPU.Build.0 = Release|Any CPU
		{765358AB-0410-4E29-B641-0C471FFCFF4E}.Release-MVC5|Any CPU.ActiveCfg = Release|Any CPU
		{765358AB-0410-4E29-B641-0C471FFCFF4E}.Release-MVC5|Any CPU.Build.0 = Release|Any CPU
		{765358AB-0410-4E29-B641-0C471FFCFF4E}.Release-MVC5-Trial|Any CPU.ActiveCfg = Release|Any CPU
		{765358AB-0410-4E29-B641-0C471FFCFF4E}.Release-MVC5-Trial|Any CPU.Build.0 = Release|Any CPU
		{765358AB-0410-4E29-B641-0C471FFCFF4E}.Release-Trial|Any CPU.ActiveCfg = Release|Any CPU
		{765358AB-0410-4E29-B641-0C471FFCFF4E}.Release-Trial|Any CPU.Build.0 = Release|Any CPU
		{6189DC00-2721-4D8D-8A38-237F69C6A767}.Debug|Any CPU.ActiveCfg = Debug|Any CPU
		{6189DC00-2721-4D8D-8A38-237F69C6A767}.Debug|Any CPU.Build.0 = Debug|Any CPU
		{6189DC00-2721-4D8D-8A38-237F69C6A767}.Debug-MVC3|Any CPU.ActiveCfg = Debug|Any CPU
		{6189DC00-2721-4D8D-8A38-237F69C6A767}.Debug-MVC3|Any CPU.Build.0 = Debug|Any CPU
		{6189DC00-2721-4D8D-8A38-237F69C6A767}.Debug-MVC5|Any CPU.ActiveCfg = Debug|Any CPU
		{6189DC00-2721-4D8D-8A38-237F69C6A767}.Debug-MVC5|Any CPU.Build.0 = Debug|Any CPU
		{6189DC00-2721-4D8D-8A38-237F69C6A767}.Release|Any CPU.ActiveCfg = Release|Any CPU
		{6189DC00-2721-4D8D-8A38-237F69C6A767}.Release|Any CPU.Build.0 = Release|Any CPU
		{6189DC00-2721-4D8D-8A38-237F69C6A767}.Release-MVC3|Any CPU.ActiveCfg = Release|Any CPU
		{6189DC00-2721-4D8D-8A38-237F69C6A767}.Release-MVC3|Any CPU.Build.0 = Release|Any CPU
		{6189DC00-2721-4D8D-8A38-237F69C6A767}.Release-MVC3-Trial|Any CPU.ActiveCfg = Release|Any CPU
		{6189DC00-2721-4D8D-8A38-237F69C6A767}.Release-MVC3-Trial|Any CPU.Build.0 = Release|Any CPU
		{6189DC00-2721-4D8D-8A38-237F69C6A767}.Release-MVC5|Any CPU.ActiveCfg = Release|Any CPU
		{6189DC00-2721-4D8D-8A38-237F69C6A767}.Release-MVC5|Any CPU.Build.0 = Release|Any CPU
		{6189DC00-2721-4D8D-8A38-237F69C6A767}.Release-MVC5-Trial|Any CPU.ActiveCfg = Release|Any CPU
		{6189DC00-2721-4D8D-8A38-237F69C6A767}.Release-MVC5-Trial|Any CPU.Build.0 = Release|Any CPU
		{6189DC00-2721-4D8D-8A38-237F69C6A767}.Release-Trial|Any CPU.ActiveCfg = Release|Any CPU
		{6189DC00-2721-4D8D-8A38-237F69C6A767}.Release-Trial|Any CPU.Build.0 = Release|Any CPU
		{1BCC7633-73C9-4ECF-9211-ED82F8FE5E10}.Debug|Any CPU.ActiveCfg = Debug|Any CPU
		{1BCC7633-73C9-4ECF-9211-ED82F8FE5E10}.Debug|Any CPU.Build.0 = Debug|Any CPU
		{1BCC7633-73C9-4ECF-9211-ED82F8FE5E10}.Debug-MVC3|Any CPU.ActiveCfg = Debug|Any CPU
		{1BCC7633-73C9-4ECF-9211-ED82F8FE5E10}.Debug-MVC3|Any CPU.Build.0 = Debug|Any CPU
		{1BCC7633-73C9-4ECF-9211-ED82F8FE5E10}.Debug-MVC5|Any CPU.ActiveCfg = Debug|Any CPU
		{1BCC7633-73C9-4ECF-9211-ED82F8FE5E10}.Debug-MVC5|Any CPU.Build.0 = Debug|Any CPU
		{1BCC7633-73C9-4ECF-9211-ED82F8FE5E10}.Release|Any CPU.ActiveCfg = Release|Any CPU
		{1BCC7633-73C9-4ECF-9211-ED82F8FE5E10}.Release|Any CPU.Build.0 = Release|Any CPU
		{1BCC7633-73C9-4ECF-9211-ED82F8FE5E10}.Release-MVC3|Any CPU.ActiveCfg = Release|Any CPU
		{1BCC7633-73C9-4ECF-9211-ED82F8FE5E10}.Release-MVC3|Any CPU.Build.0 = Release|Any CPU
		{1BCC7633-73C9-4ECF-9211-ED82F8FE5E10}.Release-MVC3-Trial|Any CPU.ActiveCfg = Release|Any CPU
		{1BCC7633-73C9-4ECF-9211-ED82F8FE5E10}.Release-MVC3-Trial|Any CPU.Build.0 = Release|Any CPU
		{1BCC7633-73C9-4ECF-9211-ED82F8FE5E10}.Release-MVC5|Any CPU.ActiveCfg = Release|Any CPU
		{1BCC7633-73C9-4ECF-9211-ED82F8FE5E10}.Release-MVC5|Any CPU.Build.0 = Release|Any CPU
		{1BCC7633-73C9-4ECF-9211-ED82F8FE5E10}.Release-MVC5-Trial|Any CPU.ActiveCfg = Release|Any CPU
		{1BCC7633-73C9-4ECF-9211-ED82F8FE5E10}.Release-MVC5-Trial|Any CPU.Build.0 = Release|Any CPU
		{1BCC7633-73C9-4ECF-9211-ED82F8FE5E10}.Release-Trial|Any CPU.ActiveCfg = Release|Any CPU
		{1BCC7633-73C9-4ECF-9211-ED82F8FE5E10}.Release-Trial|Any CPU.Build.0 = Release|Any CPU
		{01AAFF89-93B3-4553-A3CE-8AA5F5A00508}.Debug|Any CPU.ActiveCfg = Debug|Any CPU
		{01AAFF89-93B3-4553-A3CE-8AA5F5A00508}.Debug|Any CPU.Build.0 = Debug|Any CPU
		{01AAFF89-93B3-4553-A3CE-8AA5F5A00508}.Debug-MVC3|Any CPU.ActiveCfg = Debug|Any CPU
		{01AAFF89-93B3-4553-A3CE-8AA5F5A00508}.Debug-MVC3|Any CPU.Build.0 = Debug|Any CPU
		{01AAFF89-93B3-4553-A3CE-8AA5F5A00508}.Debug-MVC5|Any CPU.ActiveCfg = Debug|Any CPU
		{01AAFF89-93B3-4553-A3CE-8AA5F5A00508}.Debug-MVC5|Any CPU.Build.0 = Debug|Any CPU
		{01AAFF89-93B3-4553-A3CE-8AA5F5A00508}.Release|Any CPU.ActiveCfg = Release|Any CPU
		{01AAFF89-93B3-4553-A3CE-8AA5F5A00508}.Release|Any CPU.Build.0 = Release|Any CPU
		{01AAFF89-93B3-4553-A3CE-8AA5F5A00508}.Release-MVC3|Any CPU.ActiveCfg = Release|Any CPU
		{01AAFF89-93B3-4553-A3CE-8AA5F5A00508}.Release-MVC3|Any CPU.Build.0 = Release|Any CPU
		{01AAFF89-93B3-4553-A3CE-8AA5F5A00508}.Release-MVC3-Trial|Any CPU.ActiveCfg = Release|Any CPU
		{01AAFF89-93B3-4553-A3CE-8AA5F5A00508}.Release-MVC3-Trial|Any CPU.Build.0 = Release|Any CPU
		{01AAFF89-93B3-4553-A3CE-8AA5F5A00508}.Release-MVC5|Any CPU.ActiveCfg = Release|Any CPU
		{01AAFF89-93B3-4553-A3CE-8AA5F5A00508}.Release-MVC5|Any CPU.Build.0 = Release|Any CPU
		{01AAFF89-93B3-4553-A3CE-8AA5F5A00508}.Release-MVC5-Trial|Any CPU.ActiveCfg = Release|Any CPU
		{01AAFF89-93B3-4553-A3CE-8AA5F5A00508}.Release-MVC5-Trial|Any CPU.Build.0 = Release|Any CPU
		{01AAFF89-93B3-4553-A3CE-8AA5F5A00508}.Release-Trial|Any CPU.ActiveCfg = Release|Any CPU
		{01AAFF89-93B3-4553-A3CE-8AA5F5A00508}.Release-Trial|Any CPU.Build.0 = Release|Any CPU
		{7BE2E0D7-5C40-4861-B6DE-D2C8EEF96EFD}.Debug|Any CPU.ActiveCfg = Debug|Any CPU
		{7BE2E0D7-5C40-4861-B6DE-D2C8EEF96EFD}.Debug|Any CPU.Build.0 = Debug|Any CPU
		{7BE2E0D7-5C40-4861-B6DE-D2C8EEF96EFD}.Debug-MVC3|Any CPU.ActiveCfg = Debug|Any CPU
		{7BE2E0D7-5C40-4861-B6DE-D2C8EEF96EFD}.Debug-MVC3|Any CPU.Build.0 = Debug|Any CPU
		{7BE2E0D7-5C40-4861-B6DE-D2C8EEF96EFD}.Debug-MVC5|Any CPU.ActiveCfg = Debug|Any CPU
		{7BE2E0D7-5C40-4861-B6DE-D2C8EEF96EFD}.Debug-MVC5|Any CPU.Build.0 = Debug|Any CPU
		{7BE2E0D7-5C40-4861-B6DE-D2C8EEF96EFD}.Release|Any CPU.ActiveCfg = Release|Any CPU
		{7BE2E0D7-5C40-4861-B6DE-D2C8EEF96EFD}.Release|Any CPU.Build.0 = Release|Any CPU
		{7BE2E0D7-5C40-4861-B6DE-D2C8EEF96EFD}.Release-MVC3|Any CPU.ActiveCfg = Release|Any CPU
		{7BE2E0D7-5C40-4861-B6DE-D2C8EEF96EFD}.Release-MVC3|Any CPU.Build.0 = Release|Any CPU
		{7BE2E0D7-5C40-4861-B6DE-D2C8EEF96EFD}.Release-MVC3-Trial|Any CPU.ActiveCfg = Release|Any CPU
		{7BE2E0D7-5C40-4861-B6DE-D2C8EEF96EFD}.Release-MVC3-Trial|Any CPU.Build.0 = Release|Any CPU
		{7BE2E0D7-5C40-4861-B6DE-D2C8EEF96EFD}.Release-MVC5|Any CPU.ActiveCfg = Release|Any CPU
		{7BE2E0D7-5C40-4861-B6DE-D2C8EEF96EFD}.Release-MVC5|Any CPU.Build.0 = Release|Any CPU
		{7BE2E0D7-5C40-4861-B6DE-D2C8EEF96EFD}.Release-MVC5-Trial|Any CPU.ActiveCfg = Release|Any CPU
		{7BE2E0D7-5C40-4861-B6DE-D2C8EEF96EFD}.Release-MVC5-Trial|Any CPU.Build.0 = Release|Any CPU
		{7BE2E0D7-5C40-4861-B6DE-D2C8EEF96EFD}.Release-Trial|Any CPU.ActiveCfg = Release|Any CPU
		{7BE2E0D7-5C40-4861-B6DE-D2C8EEF96EFD}.Release-Trial|Any CPU.Build.0 = Release|Any CPU
		{087EFF0D-2598-4CA4-8495-296018746F9F}.Debug|Any CPU.ActiveCfg = Debug|Any CPU
		{087EFF0D-2598-4CA4-8495-296018746F9F}.Debug|Any CPU.Build.0 = Debug|Any CPU
		{087EFF0D-2598-4CA4-8495-296018746F9F}.Debug-MVC3|Any CPU.ActiveCfg = Debug|Any CPU
		{087EFF0D-2598-4CA4-8495-296018746F9F}.Debug-MVC3|Any CPU.Build.0 = Debug|Any CPU
		{087EFF0D-2598-4CA4-8495-296018746F9F}.Debug-MVC5|Any CPU.ActiveCfg = Debug|Any CPU
		{087EFF0D-2598-4CA4-8495-296018746F9F}.Debug-MVC5|Any CPU.Build.0 = Debug|Any CPU
		{087EFF0D-2598-4CA4-8495-296018746F9F}.Release|Any CPU.ActiveCfg = Release|Any CPU
		{087EFF0D-2598-4CA4-8495-296018746F9F}.Release|Any CPU.Build.0 = Release|Any CPU
		{087EFF0D-2598-4CA4-8495-296018746F9F}.Release-MVC3|Any CPU.ActiveCfg = Release|Any CPU
		{087EFF0D-2598-4CA4-8495-296018746F9F}.Release-MVC3|Any CPU.Build.0 = Release|Any CPU
		{087EFF0D-2598-4CA4-8495-296018746F9F}.Release-MVC3-Trial|Any CPU.ActiveCfg = Release|Any CPU
		{087EFF0D-2598-4CA4-8495-296018746F9F}.Release-MVC3-Trial|Any CPU.Build.0 = Release|Any CPU
		{087EFF0D-2598-4CA4-8495-296018746F9F}.Release-MVC5|Any CPU.ActiveCfg = Release|Any CPU
		{087EFF0D-2598-4CA4-8495-296018746F9F}.Release-MVC5|Any CPU.Build.0 = Release|Any CPU
		{087EFF0D-2598-4CA4-8495-296018746F9F}.Release-MVC5-Trial|Any CPU.ActiveCfg = Release|Any CPU
		{087EFF0D-2598-4CA4-8495-296018746F9F}.Release-MVC5-Trial|Any CPU.Build.0 = Release|Any CPU
		{087EFF0D-2598-4CA4-8495-296018746F9F}.Release-Trial|Any CPU.ActiveCfg = Release|Any CPU
		{087EFF0D-2598-4CA4-8495-296018746F9F}.Release-Trial|Any CPU.Build.0 = Release|Any CPU
		{D7F09B56-89B3-4C4C-A208-11AF52B38398}.Debug|Any CPU.ActiveCfg = Debug|Any CPU
		{D7F09B56-89B3-4C4C-A208-11AF52B38398}.Debug|Any CPU.Build.0 = Debug|Any CPU
		{D7F09B56-89B3-4C4C-A208-11AF52B38398}.Debug-MVC3|Any CPU.ActiveCfg = Debug|Any CPU
		{D7F09B56-89B3-4C4C-A208-11AF52B38398}.Debug-MVC3|Any CPU.Build.0 = Debug|Any CPU
		{D7F09B56-89B3-4C4C-A208-11AF52B38398}.Debug-MVC5|Any CPU.ActiveCfg = Debug|Any CPU
		{D7F09B56-89B3-4C4C-A208-11AF52B38398}.Debug-MVC5|Any CPU.Build.0 = Debug|Any CPU
		{D7F09B56-89B3-4C4C-A208-11AF52B38398}.Release|Any CPU.ActiveCfg = Release|Any CPU
		{D7F09B56-89B3-4C4C-A208-11AF52B38398}.Release|Any CPU.Build.0 = Release|Any CPU
		{D7F09B56-89B3-4C4C-A208-11AF52B38398}.Release-MVC3|Any CPU.ActiveCfg = Release|Any CPU
		{D7F09B56-89B3-4C4C-A208-11AF52B38398}.Release-MVC3|Any CPU.Build.0 = Release|Any CPU
		{D7F09B56-89B3-4C4C-A208-11AF52B38398}.Release-MVC3-Trial|Any CPU.ActiveCfg = Release|Any CPU
		{D7F09B56-89B3-4C4C-A208-11AF52B38398}.Release-MVC3-Trial|Any CPU.Build.0 = Release|Any CPU
		{D7F09B56-89B3-4C4C-A208-11AF52B38398}.Release-MVC5|Any CPU.ActiveCfg = Release|Any CPU
		{D7F09B56-89B3-4C4C-A208-11AF52B38398}.Release-MVC5|Any CPU.Build.0 = Release|Any CPU
		{D7F09B56-89B3-4C4C-A208-11AF52B38398}.Release-MVC5-Trial|Any CPU.ActiveCfg = Release|Any CPU
		{D7F09B56-89B3-4C4C-A208-11AF52B38398}.Release-MVC5-Trial|Any CPU.Build.0 = Release|Any CPU
		{D7F09B56-89B3-4C4C-A208-11AF52B38398}.Release-Trial|Any CPU.ActiveCfg = Release|Any CPU
		{D7F09B56-89B3-4C4C-A208-11AF52B38398}.Release-Trial|Any CPU.Build.0 = Release|Any CPU
		{4F1E5131-5870-40EE-A3BA-DD23F3D5CC72}.Debug|Any CPU.ActiveCfg = Debug|Any CPU
		{4F1E5131-5870-40EE-A3BA-DD23F3D5CC72}.Debug|Any CPU.Build.0 = Debug|Any CPU
		{4F1E5131-5870-40EE-A3BA-DD23F3D5CC72}.Debug-MVC3|Any CPU.ActiveCfg = Debug|Any CPU
		{4F1E5131-5870-40EE-A3BA-DD23F3D5CC72}.Debug-MVC3|Any CPU.Build.0 = Debug|Any CPU
		{4F1E5131-5870-40EE-A3BA-DD23F3D5CC72}.Debug-MVC5|Any CPU.ActiveCfg = Debug|Any CPU
		{4F1E5131-5870-40EE-A3BA-DD23F3D5CC72}.Debug-MVC5|Any CPU.Build.0 = Debug|Any CPU
		{4F1E5131-5870-40EE-A3BA-DD23F3D5CC72}.Release|Any CPU.ActiveCfg = Release|Any CPU
		{4F1E5131-5870-40EE-A3BA-DD23F3D5CC72}.Release|Any CPU.Build.0 = Release|Any CPU
		{4F1E5131-5870-40EE-A3BA-DD23F3D5CC72}.Release-MVC3|Any CPU.ActiveCfg = Release|Any CPU
		{4F1E5131-5870-40EE-A3BA-DD23F3D5CC72}.Release-MVC3|Any CPU.Build.0 = Release|Any CPU
		{4F1E5131-5870-40EE-A3BA-DD23F3D5CC72}.Release-MVC3-Trial|Any CPU.ActiveCfg = Release|Any CPU
		{4F1E5131-5870-40EE-A3BA-DD23F3D5CC72}.Release-MVC3-Trial|Any CPU.Build.0 = Release|Any CPU
		{4F1E5131-5870-40EE-A3BA-DD23F3D5CC72}.Release-MVC5|Any CPU.ActiveCfg = Release|Any CPU
		{4F1E5131-5870-40EE-A3BA-DD23F3D5CC72}.Release-MVC5|Any CPU.Build.0 = Release|Any CPU
		{4F1E5131-5870-40EE-A3BA-DD23F3D5CC72}.Release-MVC5-Trial|Any CPU.ActiveCfg = Release|Any CPU
		{4F1E5131-5870-40EE-A3BA-DD23F3D5CC72}.Release-MVC5-Trial|Any CPU.Build.0 = Release|Any CPU
		{4F1E5131-5870-40EE-A3BA-DD23F3D5CC72}.Release-Trial|Any CPU.ActiveCfg = Release|Any CPU
		{4F1E5131-5870-40EE-A3BA-DD23F3D5CC72}.Release-Trial|Any CPU.Build.0 = Release|Any CPU
		{F40DC9ED-9548-437F-90B2-761B4711DF26}.Debug|Any CPU.ActiveCfg = Debug|Any CPU
		{F40DC9ED-9548-437F-90B2-761B4711DF26}.Debug|Any CPU.Build.0 = Debug|Any CPU
		{F40DC9ED-9548-437F-90B2-761B4711DF26}.Debug-MVC3|Any CPU.ActiveCfg = Debug|Any CPU
		{F40DC9ED-9548-437F-90B2-761B4711DF26}.Debug-MVC3|Any CPU.Build.0 = Debug|Any CPU
		{F40DC9ED-9548-437F-90B2-761B4711DF26}.Debug-MVC5|Any CPU.ActiveCfg = Debug|Any CPU
		{F40DC9ED-9548-437F-90B2-761B4711DF26}.Debug-MVC5|Any CPU.Build.0 = Debug|Any CPU
		{F40DC9ED-9548-437F-90B2-761B4711DF26}.Release|Any CPU.ActiveCfg = Release|Any CPU
		{F40DC9ED-9548-437F-90B2-761B4711DF26}.Release|Any CPU.Build.0 = Release|Any CPU
		{F40DC9ED-9548-437F-90B2-761B4711DF26}.Release-MVC3|Any CPU.ActiveCfg = Release|Any CPU
		{F40DC9ED-9548-437F-90B2-761B4711DF26}.Release-MVC3|Any CPU.Build.0 = Release|Any CPU
		{F40DC9ED-9548-437F-90B2-761B4711DF26}.Release-MVC3-Trial|Any CPU.ActiveCfg = Release|Any CPU
		{F40DC9ED-9548-437F-90B2-761B4711DF26}.Release-MVC3-Trial|Any CPU.Build.0 = Release|Any CPU
		{F40DC9ED-9548-437F-90B2-761B4711DF26}.Release-MVC5|Any CPU.ActiveCfg = Release|Any CPU
		{F40DC9ED-9548-437F-90B2-761B4711DF26}.Release-MVC5|Any CPU.Build.0 = Release|Any CPU
		{F40DC9ED-9548-437F-90B2-761B4711DF26}.Release-MVC5-Trial|Any CPU.ActiveCfg = Release|Any CPU
		{F40DC9ED-9548-437F-90B2-761B4711DF26}.Release-MVC5-Trial|Any CPU.Build.0 = Release|Any CPU
		{F40DC9ED-9548-437F-90B2-761B4711DF26}.Release-Trial|Any CPU.ActiveCfg = Release|Any CPU
		{F40DC9ED-9548-437F-90B2-761B4711DF26}.Release-Trial|Any CPU.Build.0 = Release|Any CPU
		{272C7976-89E4-4655-B3B5-5BFC1F79B6F0}.Debug|Any CPU.ActiveCfg = Debug|Any CPU
		{272C7976-89E4-4655-B3B5-5BFC1F79B6F0}.Debug|Any CPU.Build.0 = Debug|Any CPU
		{272C7976-89E4-4655-B3B5-5BFC1F79B6F0}.Debug-MVC3|Any CPU.ActiveCfg = Debug|Any CPU
		{272C7976-89E4-4655-B3B5-5BFC1F79B6F0}.Debug-MVC3|Any CPU.Build.0 = Debug|Any CPU
		{272C7976-89E4-4655-B3B5-5BFC1F79B6F0}.Debug-MVC5|Any CPU.ActiveCfg = Debug|Any CPU
		{272C7976-89E4-4655-B3B5-5BFC1F79B6F0}.Debug-MVC5|Any CPU.Build.0 = Debug|Any CPU
		{272C7976-89E4-4655-B3B5-5BFC1F79B6F0}.Release|Any CPU.ActiveCfg = Release|Any CPU
		{272C7976-89E4-4655-B3B5-5BFC1F79B6F0}.Release|Any CPU.Build.0 = Release|Any CPU
		{272C7976-89E4-4655-B3B5-5BFC1F79B6F0}.Release-MVC3|Any CPU.ActiveCfg = Release|Any CPU
		{272C7976-89E4-4655-B3B5-5BFC1F79B6F0}.Release-MVC3|Any CPU.Build.0 = Release|Any CPU
		{272C7976-89E4-4655-B3B5-5BFC1F79B6F0}.Release-MVC3-Trial|Any CPU.ActiveCfg = Release|Any CPU
		{272C7976-89E4-4655-B3B5-5BFC1F79B6F0}.Release-MVC3-Trial|Any CPU.Build.0 = Release|Any CPU
		{272C7976-89E4-4655-B3B5-5BFC1F79B6F0}.Release-MVC5|Any CPU.ActiveCfg = Release|Any CPU
		{272C7976-89E4-4655-B3B5-5BFC1F79B6F0}.Release-MVC5|Any CPU.Build.0 = Release|Any CPU
		{272C7976-89E4-4655-B3B5-5BFC1F79B6F0}.Release-MVC5-Trial|Any CPU.ActiveCfg = Release|Any CPU
		{272C7976-89E4-4655-B3B5-5BFC1F79B6F0}.Release-MVC5-Trial|Any CPU.Build.0 = Release|Any CPU
		{272C7976-89E4-4655-B3B5-5BFC1F79B6F0}.Release-Trial|Any CPU.ActiveCfg = Release|Any CPU
		{272C7976-89E4-4655-B3B5-5BFC1F79B6F0}.Release-Trial|Any CPU.Build.0 = Release|Any CPU
		{869C7243-F01C-4970-9A0D-1D0C11A69F9A}.Debug|Any CPU.ActiveCfg = Debug|Any CPU
		{869C7243-F01C-4970-9A0D-1D0C11A69F9A}.Debug|Any CPU.Build.0 = Debug|Any CPU
		{869C7243-F01C-4970-9A0D-1D0C11A69F9A}.Debug-MVC3|Any CPU.ActiveCfg = Debug|Any CPU
		{869C7243-F01C-4970-9A0D-1D0C11A69F9A}.Debug-MVC3|Any CPU.Build.0 = Debug|Any CPU
		{869C7243-F01C-4970-9A0D-1D0C11A69F9A}.Debug-MVC5|Any CPU.ActiveCfg = Debug|Any CPU
		{869C7243-F01C-4970-9A0D-1D0C11A69F9A}.Debug-MVC5|Any CPU.Build.0 = Debug|Any CPU
		{869C7243-F01C-4970-9A0D-1D0C11A69F9A}.Release|Any CPU.ActiveCfg = Release|Any CPU
		{869C7243-F01C-4970-9A0D-1D0C11A69F9A}.Release|Any CPU.Build.0 = Release|Any CPU
		{869C7243-F01C-4970-9A0D-1D0C11A69F9A}.Release-MVC3|Any CPU.ActiveCfg = Release|Any CPU
		{869C7243-F01C-4970-9A0D-1D0C11A69F9A}.Release-MVC3|Any CPU.Build.0 = Release|Any CPU
		{869C7243-F01C-4970-9A0D-1D0C11A69F9A}.Release-MVC3-Trial|Any CPU.ActiveCfg = Release|Any CPU
		{869C7243-F01C-4970-9A0D-1D0C11A69F9A}.Release-MVC3-Trial|Any CPU.Build.0 = Release|Any CPU
		{869C7243-F01C-4970-9A0D-1D0C11A69F9A}.Release-MVC5|Any CPU.ActiveCfg = Release|Any CPU
		{869C7243-F01C-4970-9A0D-1D0C11A69F9A}.Release-MVC5|Any CPU.Build.0 = Release|Any CPU
		{869C7243-F01C-4970-9A0D-1D0C11A69F9A}.Release-MVC5-Trial|Any CPU.ActiveCfg = Release|Any CPU
		{869C7243-F01C-4970-9A0D-1D0C11A69F9A}.Release-MVC5-Trial|Any CPU.Build.0 = Release|Any CPU
		{869C7243-F01C-4970-9A0D-1D0C11A69F9A}.Release-Trial|Any CPU.ActiveCfg = Release|Any CPU
		{869C7243-F01C-4970-9A0D-1D0C11A69F9A}.Release-Trial|Any CPU.Build.0 = Release|Any CPU
	EndGlobalSection
	GlobalSection(SolutionProperties) = preSolution
		HideSolutionNode = FALSE
	EndGlobalSection
	GlobalSection(NestedProjects) = preSolution
		{E6D33893-2F40-4C2D-93F1-1BB999C97EFC} = {3EA525DD-C3EA-452D-B982-3F32461B4103}
		{AC986F3A-2F01-4015-B605-EBFFC751B23C} = {3EA525DD-C3EA-452D-B982-3F32461B4103}
		{765358AB-0410-4E29-B641-0C471FFCFF4E} = {3EA525DD-C3EA-452D-B982-3F32461B4103}
		{6189DC00-2721-4D8D-8A38-237F69C6A767} = {3EA525DD-C3EA-452D-B982-3F32461B4103}
		{1BCC7633-73C9-4ECF-9211-ED82F8FE5E10} = {3EA525DD-C3EA-452D-B982-3F32461B4103}
		{01AAFF89-93B3-4553-A3CE-8AA5F5A00508} = {26EFFFF6-388E-466B-AEDF-2CDEA2D18584}
		{7BE2E0D7-5C40-4861-B6DE-D2C8EEF96EFD} = {3EA525DD-C3EA-452D-B982-3F32461B4103}
		{087EFF0D-2598-4CA4-8495-296018746F9F} = {26EFFFF6-388E-466B-AEDF-2CDEA2D18584}
		{D7F09B56-89B3-4C4C-A208-11AF52B38398} = {26EFFFF6-388E-466B-AEDF-2CDEA2D18584}
		{4F1E5131-5870-40EE-A3BA-DD23F3D5CC72} = {26EFFFF6-388E-466B-AEDF-2CDEA2D18584}
		{F40DC9ED-9548-437F-90B2-761B4711DF26} = {3EA525DD-C3EA-452D-B982-3F32461B4103}
		{272C7976-89E4-4655-B3B5-5BFC1F79B6F0} = {3EA525DD-C3EA-452D-B982-3F32461B4103}
		{869C7243-F01C-4970-9A0D-1D0C11A69F9A} = {3EA525DD-C3EA-452D-B982-3F32461B4103}
	EndGlobalSection
	GlobalSection(ExtensibilityGlobals) = postSolution
		SolutionGuid = {F6F36229-9DE5-4849-B20C-00479287FB84}
	EndGlobalSection
EndGlobal
